
Microsoft Visual Studio Solution File, Format Version 12.00
# Visual Studio Version 17
VisualStudioVersion = 17.0.31903.59
MinimumVisualStudioVersion = 10.0.40219.1
Project("{FAE04EC0-301F-11D3-BF4B-00C04F79EFBC}") = "Skwela.API", "Skwela.API\Skwela.API.csproj", "{C5E924D1-8E58-41CE-B28F-137B980A1420}"
EndProject
Project("{FAE04EC0-301F-11D3-BF4B-00C04F79EFBC}") = "Skwela.Application", "Skwela.Application\Skwela.Application.csproj", "{F4AD9E39-67AC-49D7-9513-7F6DD6C42F25}"
EndProject
Project("{FAE04EC0-301F-11D3-BF4B-00C04F79EFBC}") = "Skwela.Domain", "Skwela.Domain\Skwela.Domain.csproj", "{555B9173-2851-4DFA-AF12-21BE69601259}"
EndProject
Project("{FAE04EC0-301F-11D3-BF4B-00C04F79EFBC}") = "Skwela.Infrastructure", "Skwela.Infrastructure\Skwela.Infrastructure.csproj", "{F3480A4F-7E26-421E-AD52-C77D39C84BF4}"
EndProject
Global
	GlobalSection(SolutionConfigurationPlatforms) = preSolution
		Debug|Any CPU = Debug|Any CPU
		Release|Any CPU = Release|Any CPU
	EndGlobalSection
	GlobalSection(SolutionProperties) = preSolution
		HideSolutionNode = FALSE
	EndGlobalSection
	GlobalSection(ProjectConfigurationPlatforms) = postSolution
		{C5E924D1-8E58-41CE-B28F-137B980A1420}.Debug|Any CPU.ActiveCfg = Debug|Any CPU
		{C5E924D1-8E58-41CE-B28F-137B980A1420}.Debug|Any CPU.Build.0 = Debug|Any CPU
		{C5E924D1-8E58-41CE-B28F-137B980A1420}.Release|Any CPU.ActiveCfg = Release|Any CPU
		{C5E924D1-8E58-41CE-B28F-137B980A1420}.Release|Any CPU.Build.0 = Release|Any CPU
		{F4AD9E39-67AC-49D7-9513-7F6DD6C42F25}.Debug|Any CPU.ActiveCfg = Debug|Any CPU
		{F4AD9E39-67AC-49D7-9513-7F6DD6C42F25}.Debug|Any CPU.Build.0 = Debug|Any CPU
		{F4AD9E39-67AC-49D7-9513-7F6DD6C42F25}.Release|Any CPU.ActiveCfg = Release|Any CPU
		{F4AD9E39-67AC-49D7-9513-7F6DD6C42F25}.Release|Any CPU.Build.0 = Release|Any CPU
		{555B9173-2851-4DFA-AF12-21BE69601259}.Debug|Any CPU.ActiveCfg = Debug|Any CPU
		{555B9173-2851-4DFA-AF12-21BE69601259}.Debug|Any CPU.Build.0 = Debug|Any CPU
		{555B9173-2851-4DFA-AF12-21BE69601259}.Release|Any CPU.ActiveCfg = Release|Any CPU
		{555B9173-2851-4DFA-AF12-21BE69601259}.Release|Any CPU.Build.0 = Release|Any CPU
		{F3480A4F-7E26-421E-AD52-C77D39C84BF4}.Debug|Any CPU.ActiveCfg = Debug|Any CPU
		{F3480A4F-7E26-421E-AD52-C77D39C84BF4}.Debug|Any CPU.Build.0 = Debug|Any CPU
		{F3480A4F-7E26-421E-AD52-C77D39C84BF4}.Release|Any CPU.ActiveCfg = Release|Any CPU
		{F3480A4F-7E26-421E-AD52-C77D39C84BF4}.Release|Any CPU.Build.0 = Release|Any CPU
	EndGlobalSection
EndGlobal
